# THIS IS AN AUTOGENERATED FILE. DO NOT EDIT THIS FILE DIRECTLY.
# yarn lockfile v1


add-subtract-date@^1.0.5:
  version "1.0.13"
  resolved "https://registry.yarnpkg.com/add-subtract-date/-/add-subtract-date-1.0.13.tgz#1b602e6c740886f4cd5ce147ca90210ce08a64bb"

days@^1.0.1:
  version "1.1.1"
  resolved "https://registry.yarnpkg.com/days/-/days-1.1.1.tgz#b039d1e5ad5335ca689401855546f02d4cfcb362"

elly@^1.0.0:
  version "1.1.9"
  resolved "https://registry.yarnpkg.com/elly/-/elly-1.1.9.tgz#7839fd9ba223ef67e97ce1a62880d5e289e4d59a"
  dependencies:
    iterate-object "^1.3.2"
    sliced "^1.0.1"

fillo@^1.0.0:
  version "1.0.11"
  resolved "https://registry.yarnpkg.com/fillo/-/fillo-1.0.11.tgz#6ac11437ff899d29979291e8f71f4822c0c4ccda"

formatoid@^1.0.3:
  version "1.2.2"
  resolved "https://registry.yarnpkg.com/formatoid/-/formatoid-1.2.2.tgz#4b4041a42c555d4a296f7ffe30c83eb565b389de"
  dependencies:
    days "^1.0.1"
    fillo "^1.0.0"
    months "^1.0.0"
    parse-it "^1.0.0"

github-calendar-legend@^1.0.0:
  version "1.0.9"
  resolved "https://registry.yarnpkg.com/github-calendar-legend/-/github-calendar-legend-1.0.9.tgz#1323fad1b9e3b90dd1f5c045e397dd29918a73a0"

github-calendar-parser@^1.1.3:
  version "1.1.9"
  resolved "https://registry.yarnpkg.com/github-calendar-parser/-/github-calendar-parser-1.1.9.tgz#f93ed8e32ef0f0c669ed186c2d2f86ea1e503602"
  dependencies:
    github-calendar-legend "^1.0.0"

github-calendar@^1.2.1:
  version "1.2.1"
  resolved "https://registry.yarnpkg.com/github-calendar/-/github-calendar-1.2.1.tgz#58fdf47cdd2e89af8dbc591bc0c6604334c27bbc"
  dependencies:
    add-subtract-date "^1.0.5"
    elly "^1.0.0"
    formatoid "^1.0.3"
    github-calendar-parser "^1.1.3"

iterate-object@^1.3.2:
  version "1.3.2"
  resolved "https://registry.yarnpkg.com/iterate-object/-/iterate-object-1.3.2.tgz#24ec15affa5d0039e8839695a21c2cae1f45b66b"

months@^1.0.0:
  version "1.2.0"
  resolved "https://registry.yarnpkg.com/months/-/months-1.2.0.tgz#beef54873960334abe0b03f6b38db8adb44a13ac"

parse-it@^1.0.0:
  version "1.0.8"
  resolved "https://registry.yarnpkg.com/parse-it/-/parse-it-1.0.8.tgz#e9a53bde18c8049e7bb415b73e16d3292df8eae7"
  dependencies:
    regex-escape "^3.4.0"

regex-escape@^3.4.0:
  version "3.4.8"
  resolved "https://registry.yarnpkg.com/regex-escape/-/regex-escape-3.4.8.tgz#d819372b24fb2659174196ecbecfa69d8612f30d"

sliced@^1.0.1:
  version "1.0.1"
  resolved "https://registry.yarnpkg.com/sliced/-/sliced-1.0.1.tgz#0b3a662b5d04c3177b1926bea82b03f837a2ef41"
